{
  "name": "sandbox-layer-commons",
  "version": "1.1.8",
  "lockfileVersion": 3,
  "requires": true,
  "packages": {
    "": {
      "name": "sandbox-layer-commons",
      "version": "1.1.8",
      "license": "Apache-2.0",
      "dependencies": {
        "sandbox-commons": "file:../../common"
      }
    },
    "../../common": {
      "name": "sandbox-commons",
      "version": "1.1.8",
      "license": "Apache-2.0"
    },
    "node_modules/sandbox-commons": {
      "resolved": "../../common",
      "link": true
    }
  }
}
